
Microsoft Visual Studio Solution File, Format Version 12.00
# Visual Studio 15
VisualStudioVersion = 15.0.26430.4
MinimumVisualStudioVersion = 10.0.40219.1
Project("{FAE04EC0-301F-11D3-BF4B-00C04F79EFBC}") = "ClinicaGAP", "ClinicaGAP\ClinicaGAP.csproj", "{FFC31652-E393-420B-BD43-9BBA5867E524}"
EndProject
Project("{FAE04EC0-301F-11D3-BF4B-00C04F79EFBC}") = "ClinicaGAP.Tests", "ClinicaGAP.Tests\ClinicaGAP.Tests.csproj", "{170E2A35-B2B3-4931-98D4-E14E0099FAF2}"
EndProject
Global
	GlobalSection(SolutionConfigurationPlatforms) = preSolution
		Debug|Any CPU = Debug|Any CPU
		Release|Any CPU = Release|Any CPU
	EndGlobalSection
	GlobalSection(ProjectConfigurationPlatforms) = postSolution
		{FFC31652-E393-420B-BD43-9BBA5867E524}.Debug|Any CPU.ActiveCfg = Debug|Any CPU
		{FFC31652-E393-420B-BD43-9BBA5867E524}.Debug|Any CPU.Build.0 = Debug|Any CPU
		{FFC31652-E393-420B-BD43-9BBA5867E524}.Release|Any CPU.ActiveCfg = Release|Any CPU
		{FFC31652-E393-420B-BD43-9BBA5867E524}.Release|Any CPU.Build.0 = Release|Any CPU
		{170E2A35-B2B3-4931-98D4-E14E0099FAF2}.Debug|Any CPU.ActiveCfg = Debug|Any CPU
		{170E2A35-B2B3-4931-98D4-E14E0099FAF2}.Debug|Any CPU.Build.0 = Debug|Any CPU
		{170E2A35-B2B3-4931-98D4-E14E0099FAF2}.Release|Any CPU.ActiveCfg = Release|Any CPU
		{170E2A35-B2B3-4931-98D4-E14E0099FAF2}.Release|Any CPU.Build.0 = Release|Any CPU
	EndGlobalSection
	GlobalSection(SolutionProperties) = preSolution
		HideSolutionNode = FALSE
	EndGlobalSection
EndGlobal
